
Microsoft Visual Studio Solution File, Format Version 12.00
# Visual Studio Version 17
VisualStudioVersion = 17.2.32516.85
MinimumVisualStudioVersion = 10.0.40219.1
Project("{FAE04EC0-301F-11D3-BF4B-00C04F79EFBC}") = "DeleteMeSelectList", "DeleteMeSelectList\DeleteMeSelectList.csproj", "{43EAE84A-96FB-4190-A73B-55F14572ECD9}"
EndProject
Global
	GlobalSection(SolutionConfigurationPlatforms) = preSolution
		Debug|Any CPU = Debug|Any CPU
		Release|Any CPU = Release|Any CPU
	EndGlobalSection
	GlobalSection(ProjectConfigurationPlatforms) = postSolution
		{43EAE84A-96FB-4190-A73B-55F14572ECD9}.Debug|Any CPU.ActiveCfg = Debug|Any CPU
		{43EAE84A-96FB-4190-A73B-55F14572ECD9}.Debug|Any CPU.Build.0 = Debug|Any CPU
		{43EAE84A-96FB-4190-A73B-55F14572ECD9}.Release|Any CPU.ActiveCfg = Release|Any CPU
		{43EAE84A-96FB-4190-A73B-55F14572ECD9}.Release|Any CPU.Build.0 = Release|Any CPU
	EndGlobalSection
	GlobalSection(SolutionProperties) = preSolution
		HideSolutionNode = FALSE
	EndGlobalSection
	GlobalSection(ExtensibilityGlobals) = postSolution
		SolutionGuid = {5B55E8AC-A733-45B2-92E3-E1F86EA9604F}
	EndGlobalSection
EndGlobal
